
Microsoft Visual Studio Solution File, Format Version 12.00
# Visual Studio 14
VisualStudioVersion = 14.0.25420.1
MinimumVisualStudioVersion = 10.0.40219.1
Project("{FAE04EC0-301F-11D3-BF4B-00C04F79EFBC}") = "DiceXamlWpf", "DiceXamlWpf\DiceXamlWpf.csproj", "{B6B6697C-A801-4DD4-8321-F05800B7D452}"
EndProject
Project("{FAE04EC0-301F-11D3-BF4B-00C04F79EFBC}") = "DiceXamlWpf2", "DiceXamlWpf2\DiceXamlWpf2.csproj", "{3268904E-CA97-4DD9-BD2B-048651B74E69}"
EndProject
Project("{FAE04EC0-301F-11D3-BF4B-00C04F79EFBC}") = "DiceCodeWpf", "DiceCodeWpf\DiceCodeWpf.csproj", "{9E8FB7F4-967D-418B-B420-858B70D65E03}"
EndProject
Project("{FAE04EC0-301F-11D3-BF4B-00C04F79EFBC}") = "DiceRotationWpf", "DiceRotationWpf\DiceRotationWpf.csproj", "{BD5717E2-3AC7-43F2-A286-D0784CE569A3}"
EndProject
Global
	GlobalSection(SolutionConfigurationPlatforms) = preSolution
		Debug|Any CPU = Debug|Any CPU
		Release|Any CPU = Release|Any CPU
	EndGlobalSection
	GlobalSection(ProjectConfigurationPlatforms) = postSolution
		{B6B6697C-A801-4DD4-8321-F05800B7D452}.Debug|Any CPU.ActiveCfg = Debug|Any CPU
		{B6B6697C-A801-4DD4-8321-F05800B7D452}.Debug|Any CPU.Build.0 = Debug|Any CPU
		{B6B6697C-A801-4DD4-8321-F05800B7D452}.Release|Any CPU.ActiveCfg = Release|Any CPU
		{B6B6697C-A801-4DD4-8321-F05800B7D452}.Release|Any CPU.Build.0 = Release|Any CPU
		{3268904E-CA97-4DD9-BD2B-048651B74E69}.Debug|Any CPU.ActiveCfg = Debug|Any CPU
		{3268904E-CA97-4DD9-BD2B-048651B74E69}.Debug|Any CPU.Build.0 = Debug|Any CPU
		{3268904E-CA97-4DD9-BD2B-048651B74E69}.Release|Any CPU.ActiveCfg = Release|Any CPU
		{3268904E-CA97-4DD9-BD2B-048651B74E69}.Release|Any CPU.Build.0 = Release|Any CPU
		{9E8FB7F4-967D-418B-B420-858B70D65E03}.Debug|Any CPU.ActiveCfg = Debug|Any CPU
		{9E8FB7F4-967D-418B-B420-858B70D65E03}.Debug|Any CPU.Build.0 = Debug|Any CPU
		{9E8FB7F4-967D-418B-B420-858B70D65E03}.Release|Any CPU.ActiveCfg = Release|Any CPU
		{9E8FB7F4-967D-418B-B420-858B70D65E03}.Release|Any CPU.Build.0 = Release|Any CPU
		{BD5717E2-3AC7-43F2-A286-D0784CE569A3}.Debug|Any CPU.ActiveCfg = Debug|Any CPU
		{BD5717E2-3AC7-43F2-A286-D0784CE569A3}.Debug|Any CPU.Build.0 = Debug|Any CPU
		{BD5717E2-3AC7-43F2-A286-D0784CE569A3}.Release|Any CPU.ActiveCfg = Release|Any CPU
		{BD5717E2-3AC7-43F2-A286-D0784CE569A3}.Release|Any CPU.Build.0 = Release|Any CPU
	EndGlobalSection
	GlobalSection(SolutionProperties) = preSolution
		HideSolutionNode = FALSE
	EndGlobalSection
EndGlobal
