
Microsoft Visual Studio Solution File, Format Version 12.00
# Visual Studio 14
VisualStudioVersion = 14.0.25420.1
MinimumVisualStudioVersion = 10.0.40219.1
Project("{FAE04EC0-301F-11D3-BF4B-00C04F79EFBC}") = "RandomWalkConsole", "RandomWalkConsole\RandomWalkConsole.csproj", "{B1DCAAB5-51F1-4FFF-8C32-97C1319C4B29}"
EndProject
Project("{FAE04EC0-301F-11D3-BF4B-00C04F79EFBC}") = "PropositionsConsole", "PropositionsConsole\PropositionsConsole.csproj", "{A5C12021-48FA-4411-8A48-BC173E2626DC}"
EndProject
Project("{FAE04EC0-301F-11D3-BF4B-00C04F79EFBC}") = "NumberGuessConsole", "NumberGuessConsole\NumberGuessConsole.csproj", "{1164FD29-34FC-411D-974E-FD7B1E0EE508}"
EndProject
Project("{FAE04EC0-301F-11D3-BF4B-00C04F79EFBC}") = "MontyHallConsole", "MontyHallConsole\MontyHallConsole.csproj", "{3ED04FD6-A17F-4606-8540-F0B43D5E6CD7}"
EndProject
Project("{FAE04EC0-301F-11D3-BF4B-00C04F79EFBC}") = "PrisonersConsole", "PrisonersConsole\PrisonersConsole.csproj", "{73974219-C501-4DBA-8B25-C3BDD52349B7}"
EndProject
Global
	GlobalSection(SolutionConfigurationPlatforms) = preSolution
		Debug|Any CPU = Debug|Any CPU
		Release|Any CPU = Release|Any CPU
	EndGlobalSection
	GlobalSection(ProjectConfigurationPlatforms) = postSolution
		{B1DCAAB5-51F1-4FFF-8C32-97C1319C4B29}.Debug|Any CPU.ActiveCfg = Debug|Any CPU
		{B1DCAAB5-51F1-4FFF-8C32-97C1319C4B29}.Debug|Any CPU.Build.0 = Debug|Any CPU
		{B1DCAAB5-51F1-4FFF-8C32-97C1319C4B29}.Release|Any CPU.ActiveCfg = Release|Any CPU
		{B1DCAAB5-51F1-4FFF-8C32-97C1319C4B29}.Release|Any CPU.Build.0 = Release|Any CPU
		{A5C12021-48FA-4411-8A48-BC173E2626DC}.Debug|Any CPU.ActiveCfg = Debug|Any CPU
		{A5C12021-48FA-4411-8A48-BC173E2626DC}.Debug|Any CPU.Build.0 = Debug|Any CPU
		{A5C12021-48FA-4411-8A48-BC173E2626DC}.Release|Any CPU.ActiveCfg = Release|Any CPU
		{A5C12021-48FA-4411-8A48-BC173E2626DC}.Release|Any CPU.Build.0 = Release|Any CPU
		{1164FD29-34FC-411D-974E-FD7B1E0EE508}.Debug|Any CPU.ActiveCfg = Debug|Any CPU
		{1164FD29-34FC-411D-974E-FD7B1E0EE508}.Debug|Any CPU.Build.0 = Debug|Any CPU
		{1164FD29-34FC-411D-974E-FD7B1E0EE508}.Release|Any CPU.ActiveCfg = Release|Any CPU
		{1164FD29-34FC-411D-974E-FD7B1E0EE508}.Release|Any CPU.Build.0 = Release|Any CPU
		{3ED04FD6-A17F-4606-8540-F0B43D5E6CD7}.Debug|Any CPU.ActiveCfg = Debug|Any CPU
		{3ED04FD6-A17F-4606-8540-F0B43D5E6CD7}.Debug|Any CPU.Build.0 = Debug|Any CPU
		{3ED04FD6-A17F-4606-8540-F0B43D5E6CD7}.Release|Any CPU.ActiveCfg = Release|Any CPU
		{3ED04FD6-A17F-4606-8540-F0B43D5E6CD7}.Release|Any CPU.Build.0 = Release|Any CPU
		{73974219-C501-4DBA-8B25-C3BDD52349B7}.Debug|Any CPU.ActiveCfg = Debug|Any CPU
		{73974219-C501-4DBA-8B25-C3BDD52349B7}.Debug|Any CPU.Build.0 = Debug|Any CPU
		{73974219-C501-4DBA-8B25-C3BDD52349B7}.Release|Any CPU.ActiveCfg = Release|Any CPU
		{73974219-C501-4DBA-8B25-C3BDD52349B7}.Release|Any CPU.Build.0 = Release|Any CPU
	EndGlobalSection
	GlobalSection(SolutionProperties) = preSolution
		HideSolutionNode = FALSE
	EndGlobalSection
EndGlobal
